{
  "name": "mob",
  "version": "1.0.0",
  "lockfileVersion": 1,
  "requires": true,
  "dependencies": {
    "@mobiscroll/react": {
      "version": "https://npm.mobiscroll.com/@mobiscroll/react-trial/-/react-trial-5.11.1.tgz",
      "integrity": "sha512-eQYWaZpHANK97ssQpo4AG9/r6dwiF+YbBhxxwrcXldqVNvH0C+Y6/YEjfrdko7NpZ3oiTZ2hPTyvIGJq87bmxQ=="
    }
  }
}
